{
  "name": "minhajna",
  "lockfileVersion": 3,
  "requires": true,
  "packages": {
    "": {
      "name": "minhajna",
      "license": "AGPL-3.0-or-later",
      "workspaces": [
        "packages/*"
      ],
      "engines": {
        "node": ">=22.18.0"
      }
    },
    "node_modules/@minhajna/core": {
      "resolved": "packages/core",
      "link": true
    },
    "packages/core": {
      "name": "@minhajna/core",
      "version": "0.0.0",
      "license": "AGPL-3.0-or-later",
      "engines": {
        "node": ">=22.18.0"
      }
    }
  }
}
